
Microsoft Visual Studio Solution File, Format Version 12.00
# Visual Studio Version 16
VisualStudioVersion = 16.0.31019.35
MinimumVisualStudioVersion = 10.0.40219.1
Project("{FAE04EC0-301F-11D3-BF4B-00C04F79EFBC}") = "FlappyBirdWindowsForm", "FlappyBirdWindowsForm\FlappyBirdWindowsForm.csproj", "{088CEF8E-0475-4D68-AACD-721BAC4C1FF4}"
EndProject
Global
	GlobalSection(SolutionConfigurationPlatforms) = preSolution
		Debug|Any CPU = Debug|Any CPU
		Release|Any CPU = Release|Any CPU
	EndGlobalSection
	GlobalSection(ProjectConfigurationPlatforms) = postSolution
		{088CEF8E-0475-4D68-AACD-721BAC4C1FF4}.Debug|Any CPU.ActiveCfg = Debug|Any CPU
		{088CEF8E-0475-4D68-AACD-721BAC4C1FF4}.Debug|Any CPU.Build.0 = Debug|Any CPU
		{088CEF8E-0475-4D68-AACD-721BAC4C1FF4}.Release|Any CPU.ActiveCfg = Release|Any CPU
		{088CEF8E-0475-4D68-AACD-721BAC4C1FF4}.Release|Any CPU.Build.0 = Release|Any CPU
	EndGlobalSection
	GlobalSection(SolutionProperties) = preSolution
		HideSolutionNode = FALSE
	EndGlobalSection
	GlobalSection(ExtensibilityGlobals) = postSolution
		SolutionGuid = {2ADA01CA-52D9-43A4-861C-3391918F26BE}
	EndGlobalSection
EndGlobal
